
Microsoft Visual Studio Solution File, Format Version 12.00
# Visual Studio Version 17
VisualStudioVersion = 17.5.002.0
MinimumVisualStudioVersion = 10.0.40219.1
Project("{2150E333-8FDC-42A3-9474-1A3956D46DE8}") = "Backend", "Backend", "{84C07AD9-FFE1-4E51-B630-20CDB4573071}"
EndProject
Project("{9A19103F-16F7-4668-BE54-9A1E7A4F7556}") = "Buylia.API", "Backend\Buylia.API\Buylia.API.csproj", "{C258EF9D-26C5-4A3D-BD31-F511F9E711C1}"
EndProject
Project("{9A19103F-16F7-4668-BE54-9A1E7A4F7556}") = "Buylia.Application", "Backend\Buylia.Application\Buylia.Application.csproj", "{DCE0EFD3-1F6F-4373-B25C-58F8A3A97871}"
EndProject
Project("{9A19103F-16F7-4668-BE54-9A1E7A4F7556}") = "Buylia.Context", "Backend\Buylia.Context\Buylia.Context.csproj", "{2A809CA1-3C6F-4A1E-9380-01AC85371066}"
EndProject
Project("{9A19103F-16F7-4668-BE54-9A1E7A4F7556}") = "Buylia.DTO", "Backend\Buylia.DTO\Buylia.DTO.csproj", "{9060D81C-2DA3-429C-B2EB-21DAC8A5B168}"
EndProject
Project("{9A19103F-16F7-4668-BE54-9A1E7A4F7556}") = "Buylia.Infrastructure", "Backend\Buylia.Infrastructure\Buylia.Infrastructure.csproj", "{C9F4C159-D135-4F02-AD09-3C68AAC104F6}"
EndProject
Project("{9A19103F-16F7-4668-BE54-9A1E7A4F7556}") = "Buylia.Model", "Backend\Buylia.Model\Buylia.Model.csproj", "{A876AAB9-F5AA-4EDE-A755-1FD7346BC533}"
EndProject
Project("{FAE04EC0-301F-11D3-BF4B-00C04F79EFBC}") = "Buylia.API", "Buylia.API\Buylia.API.csproj", "{91F92248-2EA7-4625-8589-5E62C79849F7}"
EndProject
Project("{FAE04EC0-301F-11D3-BF4B-00C04F79EFBC}") = "Buylia.Application", "Buylia.Application\Buylia.Application.csproj", "{582FE7FC-4B21-4786-A66C-B87CECBEA427}"
EndProject
Project("{FAE04EC0-301F-11D3-BF4B-00C04F79EFBC}") = "Buylia.Context", "Buylia.Context\Buylia.Context.csproj", "{54202EA7-97B4-40E4-8D11-B11480ADAFF7}"
EndProject
Project("{FAE04EC0-301F-11D3-BF4B-00C04F79EFBC}") = "Buylia.DTO", "Buylia.DTO\Buylia.DTO.csproj", "{EF9182BA-625A-49F6-B582-5977B37B580E}"
EndProject
Project("{FAE04EC0-301F-11D3-BF4B-00C04F79EFBC}") = "Buylia.Infrastructure", "Buylia.Infrastructure\Buylia.Infrastructure.csproj", "{DC230AAD-535E-4873-A1C0-EB3112B146AF}"
EndProject
Project("{FAE04EC0-301F-11D3-BF4B-00C04F79EFBC}") = "Buylia.Model", "Buylia.Model\Buylia.Model.csproj", "{C398EB4B-923B-4661-9D8E-4A3287CCBCCB}"
EndProject
Global
	GlobalSection(SolutionConfigurationPlatforms) = preSolution
		Debug|Any CPU = Debug|Any CPU
		Release|Any CPU = Release|Any CPU
	EndGlobalSection
	GlobalSection(ProjectConfigurationPlatforms) = postSolution
		{C258EF9D-26C5-4A3D-BD31-F511F9E711C1}.Debug|Any CPU.ActiveCfg = Debug|Any CPU
		{C258EF9D-26C5-4A3D-BD31-F511F9E711C1}.Debug|Any CPU.Build.0 = Debug|Any CPU
		{C258EF9D-26C5-4A3D-BD31-F511F9E711C1}.Release|Any CPU.ActiveCfg = Release|Any CPU
		{C258EF9D-26C5-4A3D-BD31-F511F9E711C1}.Release|Any CPU.Build.0 = Release|Any CPU
		{DCE0EFD3-1F6F-4373-B25C-58F8A3A97871}.Debug|Any CPU.ActiveCfg = Debug|Any CPU
		{DCE0EFD3-1F6F-4373-B25C-58F8A3A97871}.Debug|Any CPU.Build.0 = Debug|Any CPU
		{DCE0EFD3-1F6F-4373-B25C-58F8A3A97871}.Release|Any CPU.ActiveCfg = Release|Any CPU
		{DCE0EFD3-1F6F-4373-B25C-58F8A3A97871}.Release|Any CPU.Build.0 = Release|Any CPU
		{2A809CA1-3C6F-4A1E-9380-01AC85371066}.Debug|Any CPU.ActiveCfg = Debug|Any CPU
		{2A809CA1-3C6F-4A1E-9380-01AC85371066}.Debug|Any CPU.Build.0 = Debug|Any CPU
		{2A809CA1-3C6F-4A1E-9380-01AC85371066}.Release|Any CPU.ActiveCfg = Release|Any CPU
		{2A809CA1-3C6F-4A1E-9380-01AC85371066}.Release|Any CPU.Build.0 = Release|Any CPU
		{9060D81C-2DA3-429C-B2EB-21DAC8A5B168}.Debug|Any CPU.ActiveCfg = Debug|Any CPU
		{9060D81C-2DA3-429C-B2EB-21DAC8A5B168}.Debug|Any CPU.Build.0 = Debug|Any CPU
		{9060D81C-2DA3-429C-B2EB-21DAC8A5B168}.Release|Any CPU.ActiveCfg = Release|Any CPU
		{9060D81C-2DA3-429C-B2EB-21DAC8A5B168}.Release|Any CPU.Build.0 = Release|Any CPU
		{C9F4C159-D135-4F02-AD09-3C68AAC104F6}.Debug|Any CPU.ActiveCfg = Debug|Any CPU
		{C9F4C159-D135-4F02-AD09-3C68AAC104F6}.Debug|Any CPU.Build.0 = Debug|Any CPU
		{C9F4C159-D135-4F02-AD09-3C68AAC104F6}.Release|Any CPU.ActiveCfg = Release|Any CPU
		{C9F4C159-D135-4F02-AD09-3C68AAC104F6}.Release|Any CPU.Build.0 = Release|Any CPU
		{A876AAB9-F5AA-4EDE-A755-1FD7346BC533}.Debug|Any CPU.ActiveCfg = Debug|Any CPU
		{A876AAB9-F5AA-4EDE-A755-1FD7346BC533}.Debug|Any CPU.Build.0 = Debug|Any CPU
		{A876AAB9-F5AA-4EDE-A755-1FD7346BC533}.Release|Any CPU.ActiveCfg = Release|Any CPU
		{A876AAB9-F5AA-4EDE-A755-1FD7346BC533}.Release|Any CPU.Build.0 = Release|Any CPU
		{91F92248-2EA7-4625-8589-5E62C79849F7}.Debug|Any CPU.ActiveCfg = Debug|Any CPU
		{91F92248-2EA7-4625-8589-5E62C79849F7}.Debug|Any CPU.Build.0 = Debug|Any CPU
		{91F92248-2EA7-4625-8589-5E62C79849F7}.Release|Any CPU.ActiveCfg = Release|Any CPU
		{91F92248-2EA7-4625-8589-5E62C79849F7}.Release|Any CPU.Build.0 = Release|Any CPU
		{582FE7FC-4B21-4786-A66C-B87CECBEA427}.Debug|Any CPU.ActiveCfg = Debug|Any CPU
		{582FE7FC-4B21-4786-A66C-B87CECBEA427}.Debug|Any CPU.Build.0 = Debug|Any CPU
		{582FE7FC-4B21-4786-A66C-B87CECBEA427}.Release|Any CPU.ActiveCfg = Release|Any CPU
		{582FE7FC-4B21-4786-A66C-B87CECBEA427}.Release|Any CPU.Build.0 = Release|Any CPU
		{54202EA7-97B4-40E4-8D11-B11480ADAFF7}.Debug|Any CPU.ActiveCfg = Debug|Any CPU
		{54202EA7-97B4-40E4-8D11-B11480ADAFF7}.Debug|Any CPU.Build.0 = Debug|Any CPU
		{54202EA7-97B4-40E4-8D11-B11480ADAFF7}.Release|Any CPU.ActiveCfg = Release|Any CPU
		{54202EA7-97B4-40E4-8D11-B11480ADAFF7}.Release|Any CPU.Build.0 = Release|Any CPU
		{EF9182BA-625A-49F6-B582-5977B37B580E}.Debug|Any CPU.ActiveCfg = Debug|Any CPU
		{EF9182BA-625A-49F6-B582-5977B37B580E}.Debug|Any CPU.Build.0 = Debug|Any CPU
		{EF9182BA-625A-49F6-B582-5977B37B580E}.Release|Any CPU.ActiveCfg = Release|Any CPU
		{EF9182BA-625A-49F6-B582-5977B37B580E}.Release|Any CPU.Build.0 = Release|Any CPU
		{DC230AAD-535E-4873-A1C0-EB3112B146AF}.Debug|Any CPU.ActiveCfg = Debug|Any CPU
		{DC230AAD-535E-4873-A1C0-EB3112B146AF}.Debug|Any CPU.Build.0 = Debug|Any CPU
		{DC230AAD-535E-4873-A1C0-EB3112B146AF}.Release|Any CPU.ActiveCfg = Release|Any CPU
		{DC230AAD-535E-4873-A1C0-EB3112B146AF}.Release|Any CPU.Build.0 = Release|Any CPU
		{C398EB4B-923B-4661-9D8E-4A3287CCBCCB}.Debug|Any CPU.ActiveCfg = Debug|Any CPU
		{C398EB4B-923B-4661-9D8E-4A3287CCBCCB}.Debug|Any CPU.Build.0 = Debug|Any CPU
		{C398EB4B-923B-4661-9D8E-4A3287CCBCCB}.Release|Any CPU.ActiveCfg = Release|Any CPU
		{C398EB4B-923B-4661-9D8E-4A3287CCBCCB}.Release|Any CPU.Build.0 = Release|Any CPU
	EndGlobalSection
	GlobalSection(SolutionProperties) = preSolution
		HideSolutionNode = FALSE
	EndGlobalSection
	GlobalSection(NestedProjects) = preSolution
		{C258EF9D-26C5-4A3D-BD31-F511F9E711C1} = {84C07AD9-FFE1-4E51-B630-20CDB4573071}
		{DCE0EFD3-1F6F-4373-B25C-58F8A3A97871} = {84C07AD9-FFE1-4E51-B630-20CDB4573071}
		{2A809CA1-3C6F-4A1E-9380-01AC85371066} = {84C07AD9-FFE1-4E51-B630-20CDB4573071}
		{9060D81C-2DA3-429C-B2EB-21DAC8A5B168} = {84C07AD9-FFE1-4E51-B630-20CDB4573071}
		{C9F4C159-D135-4F02-AD09-3C68AAC104F6} = {84C07AD9-FFE1-4E51-B630-20CDB4573071}
		{A876AAB9-F5AA-4EDE-A755-1FD7346BC533} = {84C07AD9-FFE1-4E51-B630-20CDB4573071}
	EndGlobalSection
	GlobalSection(ExtensibilityGlobals) = postSolution
		SolutionGuid = {47838FE6-F838-4D90-BB70-AD1663160DE8}
	EndGlobalSection
EndGlobal
