
Microsoft Visual Studio Solution File, Format Version 12.00
# Visual Studio Version 17
VisualStudioVersion = 17.9.34616.47
MinimumVisualStudioVersion = 10.0.40219.1
Project("{9A19103F-16F7-4668-BE54-9A1E7A4F7556}") = "Buylia.Model", "Buylia.Model\Buylia.Model.csproj", "{98304C65-DECE-4422-9C40-9EA5CD9F1C45}"
EndProject
Project("{FAE04EC0-301F-11D3-BF4B-00C04F79EFBC}") = "Buylia.Context", "Buylia.Context\Buylia.Context.csproj", "{C0E365BA-2C82-444B-A963-542E2D5EA3BD}"
EndProject
Project("{FAE04EC0-301F-11D3-BF4B-00C04F79EFBC}") = "Buylia.DTO", "Buylia.DTO\Buylia.DTO.csproj", "{4E407ECF-CE34-4E0F-9F8A-253D06E989D1}"
EndProject
Project("{FAE04EC0-301F-11D3-BF4B-00C04F79EFBC}") = "Buylia.Application", "Buylia.Application\Buylia.Application.csproj", "{47DF71A1-D7AF-4007-9901-87A6447D2A41}"
EndProject
Project("{FAE04EC0-301F-11D3-BF4B-00C04F79EFBC}") = "Buylia.Infrastructure", "Buylia.Infrastructure\Buylia.Infrastructure.csproj", "{0E36D01D-D92F-4430-80BC-C2C43417D3CD}"
EndProject
Project("{FAE04EC0-301F-11D3-BF4B-00C04F79EFBC}") = "Buylia.API", "Buylia.API\Buylia.API.csproj", "{A25D69DF-9F31-4758-B3A7-8C1FB0B5407B}"
EndProject
Global
	GlobalSection(SolutionConfigurationPlatforms) = preSolution
		Debug|Any CPU = Debug|Any CPU
		Release|Any CPU = Release|Any CPU
	EndGlobalSection
	GlobalSection(ProjectConfigurationPlatforms) = postSolution
		{98304C65-DECE-4422-9C40-9EA5CD9F1C45}.Debug|Any CPU.ActiveCfg = Debug|Any CPU
		{98304C65-DECE-4422-9C40-9EA5CD9F1C45}.Debug|Any CPU.Build.0 = Debug|Any CPU
		{98304C65-DECE-4422-9C40-9EA5CD9F1C45}.Release|Any CPU.ActiveCfg = Release|Any CPU
		{98304C65-DECE-4422-9C40-9EA5CD9F1C45}.Release|Any CPU.Build.0 = Release|Any CPU
		{C0E365BA-2C82-444B-A963-542E2D5EA3BD}.Debug|Any CPU.ActiveCfg = Debug|Any CPU
		{C0E365BA-2C82-444B-A963-542E2D5EA3BD}.Debug|Any CPU.Build.0 = Debug|Any CPU
		{C0E365BA-2C82-444B-A963-542E2D5EA3BD}.Release|Any CPU.ActiveCfg = Release|Any CPU
		{C0E365BA-2C82-444B-A963-542E2D5EA3BD}.Release|Any CPU.Build.0 = Release|Any CPU
		{4E407ECF-CE34-4E0F-9F8A-253D06E989D1}.Debug|Any CPU.ActiveCfg = Debug|Any CPU
		{4E407ECF-CE34-4E0F-9F8A-253D06E989D1}.Debug|Any CPU.Build.0 = Debug|Any CPU
		{4E407ECF-CE34-4E0F-9F8A-253D06E989D1}.Release|Any CPU.ActiveCfg = Release|Any CPU
		{4E407ECF-CE34-4E0F-9F8A-253D06E989D1}.Release|Any CPU.Build.0 = Release|Any CPU
		{47DF71A1-D7AF-4007-9901-87A6447D2A41}.Debug|Any CPU.ActiveCfg = Debug|Any CPU
		{47DF71A1-D7AF-4007-9901-87A6447D2A41}.Debug|Any CPU.Build.0 = Debug|Any CPU
		{47DF71A1-D7AF-4007-9901-87A6447D2A41}.Release|Any CPU.ActiveCfg = Release|Any CPU
		{47DF71A1-D7AF-4007-9901-87A6447D2A41}.Release|Any CPU.Build.0 = Release|Any CPU
		{0E36D01D-D92F-4430-80BC-C2C43417D3CD}.Debug|Any CPU.ActiveCfg = Debug|Any CPU
		{0E36D01D-D92F-4430-80BC-C2C43417D3CD}.Debug|Any CPU.Build.0 = Debug|Any CPU
		{0E36D01D-D92F-4430-80BC-C2C43417D3CD}.Release|Any CPU.ActiveCfg = Release|Any CPU
		{0E36D01D-D92F-4430-80BC-C2C43417D3CD}.Release|Any CPU.Build.0 = Release|Any CPU
		{A25D69DF-9F31-4758-B3A7-8C1FB0B5407B}.Debug|Any CPU.ActiveCfg = Debug|Any CPU
		{A25D69DF-9F31-4758-B3A7-8C1FB0B5407B}.Debug|Any CPU.Build.0 = Debug|Any CPU
		{A25D69DF-9F31-4758-B3A7-8C1FB0B5407B}.Release|Any CPU.ActiveCfg = Release|Any CPU
		{A25D69DF-9F31-4758-B3A7-8C1FB0B5407B}.Release|Any CPU.Build.0 = Release|Any CPU
	EndGlobalSection
	GlobalSection(SolutionProperties) = preSolution
		HideSolutionNode = FALSE
	EndGlobalSection
	GlobalSection(ExtensibilityGlobals) = postSolution
		SolutionGuid = {2EA29F90-DEAE-4754-A8B5-ADDC65AB9D13}
	EndGlobalSection
EndGlobal
